
Microsoft Visual Studio Solution File, Format Version 12.00
# Visual Studio Version 16
VisualStudioVersion = 16.0.30002.166
MinimumVisualStudioVersion = 10.0.40219.1
Project("{9A19103F-16F7-4668-BE54-9A1E7A4F7556}") = "SchoolMachine.API", "SchoolMachine.API\SchoolMachine.API.csproj", "{74959EEA-4BA4-4A1C-9B1F-A465E53C3055}"
EndProject
Project("{2150E333-8FDC-42A3-9474-1A3956D46DE8}") = "ServiceModel", "ServiceModel", "{EC58D6C3-5A69-4D0B-A141-AA08A334CAED}"
EndProject
Project("{9A19103F-16F7-4668-BE54-9A1E7A4F7556}") = "SchoolMachine.ServiceModel", "SchoolMachine.ServiceModel\SchoolMachine.ServiceModel.csproj", "{E2C41F0E-B809-457F-9CD3-947B3EE8BA0F}"
EndProject
Project("{2150E333-8FDC-42A3-9474-1A3956D46DE8}") = "Logging", "Logging", "{7F433DE3-C53E-486A-9694-B1666DBC12AD}"
EndProject
Project("{9A19103F-16F7-4668-BE54-9A1E7A4F7556}") = "SchoolMachine.Contracts", "SchoolMachine.Logging.Contracts\SchoolMachine.Contracts.csproj", "{5CA025B1-1464-4058-8F7F-0E61820D1A85}"
EndProject
Project("{9A19103F-16F7-4668-BE54-9A1E7A4F7556}") = "SchoolMachine.Logging.LoggerService", "SchoolMachine.Logging.LoggerService\SchoolMachine.Logging.LoggerService.csproj", "{17A4B6EF-CE8B-43BD-A2FA-7403413C0F41}"
EndProject
Project("{2150E333-8FDC-42A3-9474-1A3956D46DE8}") = "DataAccess", "DataAccess", "{DA827992-C7FB-4DF5-A3C3-464F11FB308D}"
EndProject
Project("{9A19103F-16F7-4668-BE54-9A1E7A4F7556}") = "SchoolMachine.DataAccess.Entities", "SchoolMachine.DataAccess.Entities\SchoolMachine.DataAccess.Entities.csproj", "{EE731559-12AA-4E0F-B4FC-03710B0E41A9}"
EndProject
Project("{9A19103F-16F7-4668-BE54-9A1E7A4F7556}") = "SchoolMachine.Repository", "SchoolMachine.Repository\SchoolMachine.Repository.csproj", "{9E504B2E-F78C-4E7A-AA81-1649665B116A}"
EndProject
Project("{2150E333-8FDC-42A3-9474-1A3956D46DE8}") = "Testing", "Testing", "{ADE879F1-FB38-46A1-AC31-C0D6749CCFA0}"
EndProject
Project("{9A19103F-16F7-4668-BE54-9A1E7A4F7556}") = "SchoolMachine.Testing.API", "SchoolMachine.Testing.API\SchoolMachine.Testing.API.csproj", "{D5B5EFD1-4A51-4676-AF85-0FA3FB61F566}"
EndProject
Project("{9A19103F-16F7-4668-BE54-9A1E7A4F7556}") = "SchoolMachine.DataAccess.Entities.Test", "SchoolMachine.DataAccess.Entities.Test\SchoolMachine.DataAccess.Entities.Test.csproj", "{49633E8F-123D-4352-8D1D-DA398A20263B}"
EndProject
Project("{9A19103F-16F7-4668-BE54-9A1E7A4F7556}") = "SchoolMachine.Repository.Test", "SchoolMachine.Repository.Test\SchoolMachine.Repository.Test.csproj", "{DA7AFF30-8612-4C7E-98CA-D410F634E806}"
EndProject
Project("{9A19103F-16F7-4668-BE54-9A1E7A4F7556}") = "SchoolMachine.API.UnitTests", "SchoolMachine.API.UnitTests\SchoolMachine.API.UnitTests.csproj", "{E620F17E-C043-4B30-97A0-2158B78BAAF9}"
EndProject
Project("{2150E333-8FDC-42A3-9474-1A3956D46DE8}") = "DatabaseScripts", "DatabaseScripts", "{CAEA1FEF-D8B0-42C8-9BA3-6985203679F9}"
	ProjectSection(SolutionItems) = preProject
		CleanDatabase.sql = CleanDatabase.sql
	EndProjectSection
EndProject
Project("{2150E333-8FDC-42A3-9474-1A3956D46DE8}") = "Documentation", "Documentation", "{BC95612F-C51B-40BA-9EE1-524C52BA1941}"
	ProjectSection(SolutionItems) = preProject
		README.md = README.md
	EndProjectSection
EndProject
Project("{2150E333-8FDC-42A3-9474-1A3956D46DE8}") = "DatabaseQueries", "DatabaseQueries", "{494CFAFE-5439-44DA-B10D-240FD78BF33B}"
	ProjectSection(SolutionItems) = preProject
		SchoolMachine_SchoolData_Queries.sql = SchoolMachine_SchoolData_Queries.sql
	EndProjectSection
EndProject
Project("{2150E333-8FDC-42A3-9474-1A3956D46DE8}") = "Common", "Common", "{AC07212F-F691-4164-AD34-A008CC75929C}"
EndProject
Project("{9A19103F-16F7-4668-BE54-9A1E7A4F7556}") = "SchoolMachine.DbGeneratorApp", "SchoolMachine.DbGeneratorApp\SchoolMachine.DbGeneratorApp.csproj", "{186FF419-947E-40AB-9AC8-6D0A4A5D630C}"
EndProject
Project("{9A19103F-16F7-4668-BE54-9A1E7A4F7556}") = "SchoolMachine.DbConnectionManagement", "SchoolMachine.DbConnectionManagement\SchoolMachine.DbConnectionManagement.csproj", "{2D303CE9-CB62-4210-9267-D3BFE379C224}"
EndProject
Project("{9A19103F-16F7-4668-BE54-9A1E7A4F7556}") = "SchoolMachine.Common.Extensions", "SchoolMachine.Common.Extensions\SchoolMachine.Common.Extensions.csproj", "{BA9B3486-856E-400F-8375-2399FA00908A}"
EndProject
Project("{9A19103F-16F7-4668-BE54-9A1E7A4F7556}") = "SchoolMachine.Common.BlobStorage", "SchoolMachine.Common.BlobStorage\SchoolMachine.Common.BlobStorage.csproj", "{1AF6FAAA-F4CE-41F5-901E-01D2D4A349EC}"
EndProject
Project("{9A19103F-16F7-4668-BE54-9A1E7A4F7556}") = "SchoolMachine.Testing.Common.BlobStorage", "SchoolMachine.Testing.Common.BlobStorage\SchoolMachine.Testing.Common.BlobStorage.csproj", "{2C4D7041-C186-4DA1-A243-04369A47D6C6}"
EndProject
Project("{9A19103F-16F7-4668-BE54-9A1E7A4F7556}") = "SchoolMachine.Common.FileStorage", "SchoolMachine.Common.FileStorage\SchoolMachine.Common.FileStorage.csproj", "{191F57B6-B1A1-4047-B70C-F91880EF9D9C}"
EndProject
Project("{9A19103F-16F7-4668-BE54-9A1E7A4F7556}") = "SchoolMachine.Common.MvcExtensions", "SchoolMachine.Common.MvcExtensions\SchoolMachine.Common.MvcExtensions.csproj", "{A7913F0B-86CA-44CD-A2AB-8EDC8940B702}"
EndProject
Project("{9A19103F-16F7-4668-BE54-9A1E7A4F7556}") = "SchoolMachine.Common.Dates", "SchoolMachine.Common.Dates\SchoolMachine.Common.Dates.csproj", "{951BB441-4E7C-49A6-85F7-ABAA67DDE65A}"
EndProject
Project("{9A19103F-16F7-4668-BE54-9A1E7A4F7556}") = "SchoolMachine.Common.Global", "SchoolMachine.Common.Global\SchoolMachine.Common.Global.csproj", "{3EA10BDD-3BA2-4CBB-BE97-0204BB42857D}"
EndProject
Project("{9A19103F-16F7-4668-BE54-9A1E7A4F7556}") = "SchoolMachine.DataAccess.Tools", "SchoolMachine.DataAccess.Tools\SchoolMachine.DataAccess.Tools.csproj", "{6C24B9E3-D4A6-4E13-BBD8-EDB742D971D8}"
EndProject
Project("{2150E333-8FDC-42A3-9474-1A3956D46DE8}") = "UI", "UI", "{04603562-E4B3-4D0A-95F6-197018C7D37F}"
EndProject
Project("{9A19103F-16F7-4668-BE54-9A1E7A4F7556}") = "SchoolMachine.Common.Queueing", "SchoolMachine.Common.Queueing\SchoolMachine.Common.Queueing.csproj", "{2ED2D466-FC96-4B6F-86DD-BC30F8880EF0}"
EndProject
Project("{9A19103F-16F7-4668-BE54-9A1E7A4F7556}") = "SchoolMachine.Testing.Common.Queueing", "SchoolMachine.Testing.Common.Queueing\SchoolMachine.Testing.Common.Queueing.csproj", "{F7E5CE32-3531-4612-9934-865F05280D8B}"
EndProject
Project("{9A19103F-16F7-4668-BE54-9A1E7A4F7556}") = "SchoolMachine.Workers", "SchoolMachine.Workers\SchoolMachine.Workers.csproj", "{5B76BBCE-33D2-46E2-9C1B-79DB28589D73}"
EndProject
Project("{FAE04EC0-301F-11D3-BF4B-00C04F79EFBC}") = "SchoolMachine.UI.MVC.SecurityAdmin", "SchoolMachine.UI.MVC.SecurityAdmin\SchoolMachine.UI.MVC.SecurityAdmin.csproj", "{56B2CE40-60EC-4AC2-A79F-DA85C75BC17C}"
EndProject
Global
	GlobalSection(SolutionConfigurationPlatforms) = preSolution
		Debug|Any CPU = Debug|Any CPU
		Release|Any CPU = Release|Any CPU
	EndGlobalSection
	GlobalSection(ProjectConfigurationPlatforms) = postSolution
		{74959EEA-4BA4-4A1C-9B1F-A465E53C3055}.Debug|Any CPU.ActiveCfg = Debug|Any CPU
		{74959EEA-4BA4-4A1C-9B1F-A465E53C3055}.Debug|Any CPU.Build.0 = Debug|Any CPU
		{74959EEA-4BA4-4A1C-9B1F-A465E53C3055}.Release|Any CPU.ActiveCfg = Release|Any CPU
		{74959EEA-4BA4-4A1C-9B1F-A465E53C3055}.Release|Any CPU.Build.0 = Release|Any CPU
		{E2C41F0E-B809-457F-9CD3-947B3EE8BA0F}.Debug|Any CPU.ActiveCfg = Debug|Any CPU
		{E2C41F0E-B809-457F-9CD3-947B3EE8BA0F}.Debug|Any CPU.Build.0 = Debug|Any CPU
		{E2C41F0E-B809-457F-9CD3-947B3EE8BA0F}.Release|Any CPU.ActiveCfg = Release|Any CPU
		{E2C41F0E-B809-457F-9CD3-947B3EE8BA0F}.Release|Any CPU.Build.0 = Release|Any CPU
		{5CA025B1-1464-4058-8F7F-0E61820D1A85}.Debug|Any CPU.ActiveCfg = Debug|Any CPU
		{5CA025B1-1464-4058-8F7F-0E61820D1A85}.Debug|Any CPU.Build.0 = Debug|Any CPU
		{5CA025B1-1464-4058-8F7F-0E61820D1A85}.Release|Any CPU.ActiveCfg = Release|Any CPU
		{5CA025B1-1464-4058-8F7F-0E61820D1A85}.Release|Any CPU.Build.0 = Release|Any CPU
		{17A4B6EF-CE8B-43BD-A2FA-7403413C0F41}.Debug|Any CPU.ActiveCfg = Debug|Any CPU
		{17A4B6EF-CE8B-43BD-A2FA-7403413C0F41}.Debug|Any CPU.Build.0 = Debug|Any CPU
		{17A4B6EF-CE8B-43BD-A2FA-7403413C0F41}.Release|Any CPU.ActiveCfg = Release|Any CPU
		{17A4B6EF-CE8B-43BD-A2FA-7403413C0F41}.Release|Any CPU.Build.0 = Release|Any CPU
		{EE731559-12AA-4E0F-B4FC-03710B0E41A9}.Debug|Any CPU.ActiveCfg = Debug|Any CPU
		{EE731559-12AA-4E0F-B4FC-03710B0E41A9}.Debug|Any CPU.Build.0 = Debug|Any CPU
		{EE731559-12AA-4E0F-B4FC-03710B0E41A9}.Release|Any CPU.ActiveCfg = Release|Any CPU
		{EE731559-12AA-4E0F-B4FC-03710B0E41A9}.Release|Any CPU.Build.0 = Release|Any CPU
		{9E504B2E-F78C-4E7A-AA81-1649665B116A}.Debug|Any CPU.ActiveCfg = Debug|Any CPU
		{9E504B2E-F78C-4E7A-AA81-1649665B116A}.Debug|Any CPU.Build.0 = Debug|Any CPU
		{9E504B2E-F78C-4E7A-AA81-1649665B116A}.Release|Any CPU.ActiveCfg = Release|Any CPU
		{9E504B2E-F78C-4E7A-AA81-1649665B116A}.Release|Any CPU.Build.0 = Release|Any CPU
		{D5B5EFD1-4A51-4676-AF85-0FA3FB61F566}.Debug|Any CPU.ActiveCfg = Debug|Any CPU
		{D5B5EFD1-4A51-4676-AF85-0FA3FB61F566}.Debug|Any CPU.Build.0 = Debug|Any CPU
		{D5B5EFD1-4A51-4676-AF85-0FA3FB61F566}.Release|Any CPU.ActiveCfg = Release|Any CPU
		{D5B5EFD1-4A51-4676-AF85-0FA3FB61F566}.Release|Any CPU.Build.0 = Release|Any CPU
		{49633E8F-123D-4352-8D1D-DA398A20263B}.Debug|Any CPU.ActiveCfg = Debug|Any CPU
		{49633E8F-123D-4352-8D1D-DA398A20263B}.Debug|Any CPU.Build.0 = Debug|Any CPU
		{49633E8F-123D-4352-8D1D-DA398A20263B}.Release|Any CPU.ActiveCfg = Release|Any CPU
		{49633E8F-123D-4352-8D1D-DA398A20263B}.Release|Any CPU.Build.0 = Release|Any CPU
		{DA7AFF30-8612-4C7E-98CA-D410F634E806}.Debug|Any CPU.ActiveCfg = Debug|Any CPU
		{DA7AFF30-8612-4C7E-98CA-D410F634E806}.Debug|Any CPU.Build.0 = Debug|Any CPU
		{DA7AFF30-8612-4C7E-98CA-D410F634E806}.Release|Any CPU.ActiveCfg = Release|Any CPU
		{DA7AFF30-8612-4C7E-98CA-D410F634E806}.Release|Any CPU.Build.0 = Release|Any CPU
		{E620F17E-C043-4B30-97A0-2158B78BAAF9}.Debug|Any CPU.ActiveCfg = Debug|Any CPU
		{E620F17E-C043-4B30-97A0-2158B78BAAF9}.Debug|Any CPU.Build.0 = Debug|Any CPU
		{E620F17E-C043-4B30-97A0-2158B78BAAF9}.Release|Any CPU.ActiveCfg = Release|Any CPU
		{E620F17E-C043-4B30-97A0-2158B78BAAF9}.Release|Any CPU.Build.0 = Release|Any CPU
		{186FF419-947E-40AB-9AC8-6D0A4A5D630C}.Debug|Any CPU.ActiveCfg = Debug|Any CPU
		{186FF419-947E-40AB-9AC8-6D0A4A5D630C}.Debug|Any CPU.Build.0 = Debug|Any CPU
		{186FF419-947E-40AB-9AC8-6D0A4A5D630C}.Release|Any CPU.ActiveCfg = Release|Any CPU
		{186FF419-947E-40AB-9AC8-6D0A4A5D630C}.Release|Any CPU.Build.0 = Release|Any CPU
		{2D303CE9-CB62-4210-9267-D3BFE379C224}.Debug|Any CPU.ActiveCfg = Debug|Any CPU
		{2D303CE9-CB62-4210-9267-D3BFE379C224}.Debug|Any CPU.Build.0 = Debug|Any CPU
		{2D303CE9-CB62-4210-9267-D3BFE379C224}.Release|Any CPU.ActiveCfg = Release|Any CPU
		{2D303CE9-CB62-4210-9267-D3BFE379C224}.Release|Any CPU.Build.0 = Release|Any CPU
		{BA9B3486-856E-400F-8375-2399FA00908A}.Debug|Any CPU.ActiveCfg = Debug|Any CPU
		{BA9B3486-856E-400F-8375-2399FA00908A}.Debug|Any CPU.Build.0 = Debug|Any CPU
		{BA9B3486-856E-400F-8375-2399FA00908A}.Release|Any CPU.ActiveCfg = Release|Any CPU
		{BA9B3486-856E-400F-8375-2399FA00908A}.Release|Any CPU.Build.0 = Release|Any CPU
		{1AF6FAAA-F4CE-41F5-901E-01D2D4A349EC}.Debug|Any CPU.ActiveCfg = Debug|Any CPU
		{1AF6FAAA-F4CE-41F5-901E-01D2D4A349EC}.Debug|Any CPU.Build.0 = Debug|Any CPU
		{1AF6FAAA-F4CE-41F5-901E-01D2D4A349EC}.Release|Any CPU.ActiveCfg = Release|Any CPU
		{1AF6FAAA-F4CE-41F5-901E-01D2D4A349EC}.Release|Any CPU.Build.0 = Release|Any CPU
		{2C4D7041-C186-4DA1-A243-04369A47D6C6}.Debug|Any CPU.ActiveCfg = Debug|Any CPU
		{2C4D7041-C186-4DA1-A243-04369A47D6C6}.Debug|Any CPU.Build.0 = Debug|Any CPU
		{2C4D7041-C186-4DA1-A243-04369A47D6C6}.Release|Any CPU.ActiveCfg = Release|Any CPU
		{2C4D7041-C186-4DA1-A243-04369A47D6C6}.Release|Any CPU.Build.0 = Release|Any CPU
		{191F57B6-B1A1-4047-B70C-F91880EF9D9C}.Debug|Any CPU.ActiveCfg = Debug|Any CPU
		{191F57B6-B1A1-4047-B70C-F91880EF9D9C}.Debug|Any CPU.Build.0 = Debug|Any CPU
		{191F57B6-B1A1-4047-B70C-F91880EF9D9C}.Release|Any CPU.ActiveCfg = Release|Any CPU
		{191F57B6-B1A1-4047-B70C-F91880EF9D9C}.Release|Any CPU.Build.0 = Release|Any CPU
		{A7913F0B-86CA-44CD-A2AB-8EDC8940B702}.Debug|Any CPU.ActiveCfg = Debug|Any CPU
		{A7913F0B-86CA-44CD-A2AB-8EDC8940B702}.Debug|Any CPU.Build.0 = Debug|Any CPU
		{A7913F0B-86CA-44CD-A2AB-8EDC8940B702}.Release|Any CPU.ActiveCfg = Release|Any CPU
		{A7913F0B-86CA-44CD-A2AB-8EDC8940B702}.Release|Any CPU.Build.0 = Release|Any CPU
		{951BB441-4E7C-49A6-85F7-ABAA67DDE65A}.Debug|Any CPU.ActiveCfg = Debug|Any CPU
		{951BB441-4E7C-49A6-85F7-ABAA67DDE65A}.Debug|Any CPU.Build.0 = Debug|Any CPU
		{951BB441-4E7C-49A6-85F7-ABAA67DDE65A}.Release|Any CPU.ActiveCfg = Release|Any CPU
		{951BB441-4E7C-49A6-85F7-ABAA67DDE65A}.Release|Any CPU.Build.0 = Release|Any CPU
		{3EA10BDD-3BA2-4CBB-BE97-0204BB42857D}.Debug|Any CPU.ActiveCfg = Debug|Any CPU
		{3EA10BDD-3BA2-4CBB-BE97-0204BB42857D}.Debug|Any CPU.Build.0 = Debug|Any CPU
		{3EA10BDD-3BA2-4CBB-BE97-0204BB42857D}.Release|Any CPU.ActiveCfg = Release|Any CPU
		{3EA10BDD-3BA2-4CBB-BE97-0204BB42857D}.Release|Any CPU.Build.0 = Release|Any CPU
		{6C24B9E3-D4A6-4E13-BBD8-EDB742D971D8}.Debug|Any CPU.ActiveCfg = Debug|Any CPU
		{6C24B9E3-D4A6-4E13-BBD8-EDB742D971D8}.Debug|Any CPU.Build.0 = Debug|Any CPU
		{6C24B9E3-D4A6-4E13-BBD8-EDB742D971D8}.Release|Any CPU.ActiveCfg = Release|Any CPU
		{6C24B9E3-D4A6-4E13-BBD8-EDB742D971D8}.Release|Any CPU.Build.0 = Release|Any CPU
		{2ED2D466-FC96-4B6F-86DD-BC30F8880EF0}.Debug|Any CPU.ActiveCfg = Debug|Any CPU
		{2ED2D466-FC96-4B6F-86DD-BC30F8880EF0}.Debug|Any CPU.Build.0 = Debug|Any CPU
		{2ED2D466-FC96-4B6F-86DD-BC30F8880EF0}.Release|Any CPU.ActiveCfg = Release|Any CPU
		{2ED2D466-FC96-4B6F-86DD-BC30F8880EF0}.Release|Any CPU.Build.0 = Release|Any CPU
		{F7E5CE32-3531-4612-9934-865F05280D8B}.Debug|Any CPU.ActiveCfg = Debug|Any CPU
		{F7E5CE32-3531-4612-9934-865F05280D8B}.Debug|Any CPU.Build.0 = Debug|Any CPU
		{F7E5CE32-3531-4612-9934-865F05280D8B}.Release|Any CPU.ActiveCfg = Release|Any CPU
		{F7E5CE32-3531-4612-9934-865F05280D8B}.Release|Any CPU.Build.0 = Release|Any CPU
		{5B76BBCE-33D2-46E2-9C1B-79DB28589D73}.Debug|Any CPU.ActiveCfg = Debug|Any CPU
		{5B76BBCE-33D2-46E2-9C1B-79DB28589D73}.Debug|Any CPU.Build.0 = Debug|Any CPU
		{5B76BBCE-33D2-46E2-9C1B-79DB28589D73}.Release|Any CPU.ActiveCfg = Release|Any CPU
		{5B76BBCE-33D2-46E2-9C1B-79DB28589D73}.Release|Any CPU.Build.0 = Release|Any CPU
		{56B2CE40-60EC-4AC2-A79F-DA85C75BC17C}.Debug|Any CPU.ActiveCfg = Debug|Any CPU
		{56B2CE40-60EC-4AC2-A79F-DA85C75BC17C}.Debug|Any CPU.Build.0 = Debug|Any CPU
		{56B2CE40-60EC-4AC2-A79F-DA85C75BC17C}.Release|Any CPU.ActiveCfg = Release|Any CPU
		{56B2CE40-60EC-4AC2-A79F-DA85C75BC17C}.Release|Any CPU.Build.0 = Release|Any CPU
	EndGlobalSection
	GlobalSection(SolutionProperties) = preSolution
		HideSolutionNode = FALSE
	EndGlobalSection
	GlobalSection(NestedProjects) = preSolution
		{E2C41F0E-B809-457F-9CD3-947B3EE8BA0F} = {EC58D6C3-5A69-4D0B-A141-AA08A334CAED}
		{17A4B6EF-CE8B-43BD-A2FA-7403413C0F41} = {7F433DE3-C53E-486A-9694-B1666DBC12AD}
		{EE731559-12AA-4E0F-B4FC-03710B0E41A9} = {DA827992-C7FB-4DF5-A3C3-464F11FB308D}
		{D5B5EFD1-4A51-4676-AF85-0FA3FB61F566} = {ADE879F1-FB38-46A1-AC31-C0D6749CCFA0}
		{49633E8F-123D-4352-8D1D-DA398A20263B} = {ADE879F1-FB38-46A1-AC31-C0D6749CCFA0}
		{DA7AFF30-8612-4C7E-98CA-D410F634E806} = {ADE879F1-FB38-46A1-AC31-C0D6749CCFA0}
		{E620F17E-C043-4B30-97A0-2158B78BAAF9} = {ADE879F1-FB38-46A1-AC31-C0D6749CCFA0}
		{CAEA1FEF-D8B0-42C8-9BA3-6985203679F9} = {DA827992-C7FB-4DF5-A3C3-464F11FB308D}
		{494CFAFE-5439-44DA-B10D-240FD78BF33B} = {DA827992-C7FB-4DF5-A3C3-464F11FB308D}
		{2D303CE9-CB62-4210-9267-D3BFE379C224} = {AC07212F-F691-4164-AD34-A008CC75929C}
		{BA9B3486-856E-400F-8375-2399FA00908A} = {AC07212F-F691-4164-AD34-A008CC75929C}
		{1AF6FAAA-F4CE-41F5-901E-01D2D4A349EC} = {AC07212F-F691-4164-AD34-A008CC75929C}
		{2C4D7041-C186-4DA1-A243-04369A47D6C6} = {ADE879F1-FB38-46A1-AC31-C0D6749CCFA0}
		{191F57B6-B1A1-4047-B70C-F91880EF9D9C} = {AC07212F-F691-4164-AD34-A008CC75929C}
		{A7913F0B-86CA-44CD-A2AB-8EDC8940B702} = {AC07212F-F691-4164-AD34-A008CC75929C}
		{951BB441-4E7C-49A6-85F7-ABAA67DDE65A} = {AC07212F-F691-4164-AD34-A008CC75929C}
		{3EA10BDD-3BA2-4CBB-BE97-0204BB42857D} = {AC07212F-F691-4164-AD34-A008CC75929C}
		{6C24B9E3-D4A6-4E13-BBD8-EDB742D971D8} = {DA827992-C7FB-4DF5-A3C3-464F11FB308D}
		{2ED2D466-FC96-4B6F-86DD-BC30F8880EF0} = {AC07212F-F691-4164-AD34-A008CC75929C}
		{F7E5CE32-3531-4612-9934-865F05280D8B} = {ADE879F1-FB38-46A1-AC31-C0D6749CCFA0}
		{56B2CE40-60EC-4AC2-A79F-DA85C75BC17C} = {04603562-E4B3-4D0A-95F6-197018C7D37F}
	EndGlobalSection
	GlobalSection(ExtensibilityGlobals) = postSolution
		SolutionGuid = {6520A525-2E5F-4481-A912-0847D1B50199}
	EndGlobalSection
EndGlobal
